
Microsoft Visual Studio Solution File, Format Version 12.00
# Visual Studio Version 17
VisualStudioVersion = 17.12.35527.113 d17.12
MinimumVisualStudioVersion = 10.0.40219.1
Project("{FAE04EC0-301F-11D3-BF4B-00C04F79EFBC}") = "davies-travis-a1-project", "davies-travis-a1-project.csproj", "{199B9B85-5010-4293-8818-9E9D96321968}"
EndProject
Global
	GlobalSection(SolutionConfigurationPlatforms) = preSolution
		Debug|Any CPU = Debug|Any CPU
		Release|Any CPU = Release|Any CPU
	EndGlobalSection
	GlobalSection(ProjectConfigurationPlatforms) = postSolution
		{199B9B85-5010-4293-8818-9E9D96321968}.Debug|Any CPU.ActiveCfg = Debug|Any CPU
		{199B9B85-5010-4293-8818-9E9D96321968}.Debug|Any CPU.Build.0 = Debug|Any CPU
		{199B9B85-5010-4293-8818-9E9D96321968}.Release|Any CPU.ActiveCfg = Release|Any CPU
		{199B9B85-5010-4293-8818-9E9D96321968}.Release|Any CPU.Build.0 = Release|Any CPU
	EndGlobalSection
	GlobalSection(SolutionProperties) = preSolution
		HideSolutionNode = FALSE
	EndGlobalSection
EndGlobal
